
Microsoft Visual Studio Solution File, Format Version 12.00
# Visual Studio 14
VisualStudioVersion = 14.0.23107.0
MinimumVisualStudioVersion = 10.0.40219.1
Project("{2150E333-8FDC-42A3-9474-1A3956D46DE8}") = "Infrastructure", "Infrastructure", "{E4327AED-D46E-4AE1-A76B-3B2B68ABBD1E}"
EndProject
Project("{FAE04EC0-301F-11D3-BF4B-00C04F79EFBC}") = "Events", "infrastructure\Events\Events.csproj", "{0A2EC014-ADB9-4534-A51D-27BFC25930FC}"
EndProject
Project("{FAE04EC0-301F-11D3-BF4B-00C04F79EFBC}") = "Infrastructure", "infrastructure\Infrastructure\Infrastructure.csproj", "{638A4E52-2F4A-428C-A51B-1E3127B7F88C}"
EndProject
Project("{FAE04EC0-301F-11D3-BF4B-00C04F79EFBC}") = "Infrastructure.Data", "infrastructure\Infrastructure.Data\Infrastructure.Data.csproj", "{DAB2665E-D8F0-4F11-9413-AE3B42BFAC1A}"
EndProject
Project("{FAE04EC0-301F-11D3-BF4B-00C04F79EFBC}") = "Infrastructure.Logging.Data", "infrastructure\Infrastructure.Logging.Data\Infrastructure.Logging.Data.csproj", "{CFE150B4-9D3E-4B3B-92D2-879CED57617E}"
EndProject
Project("{FAE04EC0-301F-11D3-BF4B-00C04F79EFBC}") = "Infrastructure.Security", "infrastructure\Infrastructure.Security\Infrastructure.Security.csproj", "{1E1CD019-4B5F-4C19-BE02-F549BD8BDE38}"
EndProject
Project("{FAE04EC0-301F-11D3-BF4B-00C04F79EFBC}") = "UI.Web", "UI.Web\UI.Web.csproj", "{0D1B3DC3-937F-459A-BEEC-8EDE1E9E2EE7}"
EndProject
Global
	GlobalSection(SolutionConfigurationPlatforms) = preSolution
		Debug|Any CPU = Debug|Any CPU
		Release|Any CPU = Release|Any CPU
	EndGlobalSection
	GlobalSection(ProjectConfigurationPlatforms) = postSolution
		{0A2EC014-ADB9-4534-A51D-27BFC25930FC}.Debug|Any CPU.ActiveCfg = Debug|Any CPU
		{0A2EC014-ADB9-4534-A51D-27BFC25930FC}.Debug|Any CPU.Build.0 = Debug|Any CPU
		{0A2EC014-ADB9-4534-A51D-27BFC25930FC}.Release|Any CPU.ActiveCfg = Release|Any CPU
		{0A2EC014-ADB9-4534-A51D-27BFC25930FC}.Release|Any CPU.Build.0 = Release|Any CPU
		{638A4E52-2F4A-428C-A51B-1E3127B7F88C}.Debug|Any CPU.ActiveCfg = Debug|Any CPU
		{638A4E52-2F4A-428C-A51B-1E3127B7F88C}.Debug|Any CPU.Build.0 = Debug|Any CPU
		{638A4E52-2F4A-428C-A51B-1E3127B7F88C}.Release|Any CPU.ActiveCfg = Release|Any CPU
		{638A4E52-2F4A-428C-A51B-1E3127B7F88C}.Release|Any CPU.Build.0 = Release|Any CPU
		{DAB2665E-D8F0-4F11-9413-AE3B42BFAC1A}.Debug|Any CPU.ActiveCfg = Debug|Any CPU
		{DAB2665E-D8F0-4F11-9413-AE3B42BFAC1A}.Debug|Any CPU.Build.0 = Debug|Any CPU
		{DAB2665E-D8F0-4F11-9413-AE3B42BFAC1A}.Release|Any CPU.ActiveCfg = Release|Any CPU
		{DAB2665E-D8F0-4F11-9413-AE3B42BFAC1A}.Release|Any CPU.Build.0 = Release|Any CPU
		{CFE150B4-9D3E-4B3B-92D2-879CED57617E}.Debug|Any CPU.ActiveCfg = Debug|Any CPU
		{CFE150B4-9D3E-4B3B-92D2-879CED57617E}.Debug|Any CPU.Build.0 = Debug|Any CPU
		{CFE150B4-9D3E-4B3B-92D2-879CED57617E}.Release|Any CPU.ActiveCfg = Release|Any CPU
		{CFE150B4-9D3E-4B3B-92D2-879CED57617E}.Release|Any CPU.Build.0 = Release|Any CPU
		{1E1CD019-4B5F-4C19-BE02-F549BD8BDE38}.Debug|Any CPU.ActiveCfg = Debug|Any CPU
		{1E1CD019-4B5F-4C19-BE02-F549BD8BDE38}.Debug|Any CPU.Build.0 = Debug|Any CPU
		{1E1CD019-4B5F-4C19-BE02-F549BD8BDE38}.Release|Any CPU.ActiveCfg = Release|Any CPU
		{1E1CD019-4B5F-4C19-BE02-F549BD8BDE38}.Release|Any CPU.Build.0 = Release|Any CPU
		{0D1B3DC3-937F-459A-BEEC-8EDE1E9E2EE7}.Debug|Any CPU.ActiveCfg = Debug|Any CPU
		{0D1B3DC3-937F-459A-BEEC-8EDE1E9E2EE7}.Debug|Any CPU.Build.0 = Debug|Any CPU
		{0D1B3DC3-937F-459A-BEEC-8EDE1E9E2EE7}.Release|Any CPU.ActiveCfg = Release|Any CPU
		{0D1B3DC3-937F-459A-BEEC-8EDE1E9E2EE7}.Release|Any CPU.Build.0 = Release|Any CPU
	EndGlobalSection
	GlobalSection(SolutionProperties) = preSolution
		HideSolutionNode = FALSE
	EndGlobalSection
	GlobalSection(NestedProjects) = preSolution
		{0A2EC014-ADB9-4534-A51D-27BFC25930FC} = {E4327AED-D46E-4AE1-A76B-3B2B68ABBD1E}
		{638A4E52-2F4A-428C-A51B-1E3127B7F88C} = {E4327AED-D46E-4AE1-A76B-3B2B68ABBD1E}
		{DAB2665E-D8F0-4F11-9413-AE3B42BFAC1A} = {E4327AED-D46E-4AE1-A76B-3B2B68ABBD1E}
		{CFE150B4-9D3E-4B3B-92D2-879CED57617E} = {E4327AED-D46E-4AE1-A76B-3B2B68ABBD1E}
		{1E1CD019-4B5F-4C19-BE02-F549BD8BDE38} = {E4327AED-D46E-4AE1-A76B-3B2B68ABBD1E}
	EndGlobalSection
EndGlobal
